PODS:
  - QYHKeyBoardManager (0.0.4)

DEPENDENCIES:
  - QYHKeyBoardManager (= 0.0.4)

SPEC REPOS:
  https://github.com/CocoaPods/Specs.git:
    - QYHKeyBoardManager

SPEC CHECKSUMS:
  QYHKeyBoardManager: 2aa7c30014058816f7382c95ac1957759644ee00

PODFILE CHECKSUM: b6963a9e021caf30f5209000cfd3813b424d0de8

COCOAPODS: 1.5.0.beta.1
